
Microsoft Visual Studio Solution File, Format Version 12.00
# Visual Studio 15
VisualStudioVersion = 15.0.27004.2009
MinimumVisualStudioVersion = 10.0.40219.1
Project("{FAE04EC0-301F-11D3-BF4B-00C04F79EFBC}") = "HistoryMedicalWebMVC", "HistoryMedicalWebMVC\HistoryMedicalWebMVC.csproj", "{161E1D21-E7EA-42F5-A2A3-348B98C23D41}"
EndProject
Project("{FAE04EC0-301F-11D3-BF4B-00C04F79EFBC}") = "HistoryMedicalModels", "HistoryMedicalModels\HistoryMedicalModels.csproj", "{6E517669-31F4-44C2-A488-32C770D54321}"
EndProject
Project("{FAE04EC0-301F-11D3-BF4B-00C04F79EFBC}") = "HistoryMedicalMobile.Android", "HistoryMedicalMobile\HistoryMedicalMobile.Android\HistoryMedicalMobile.Android.csproj", "{FCE4A1BC-E694-4F5B-A1F7-D24E295B2525}"
EndProject
Project("{FAE04EC0-301F-11D3-BF4B-00C04F79EFBC}") = "HistoryMedicalMobile", "HistoryMedicalMobile\HistoryMedicalMobile\HistoryMedicalMobile.csproj", "{16159A0C-E086-44CD-A0A7-282B5A307F13}"
EndProject
Project("{FAE04EC0-301F-11D3-BF4B-00C04F79EFBC}") = "HistoryMedicalMobile.iOS", "HistoryMedicalMobile\HistoryMedicalMobile.iOS\HistoryMedicalMobile.iOS.csproj", "{6C112BC7-D69A-4B4E-AB4F-60F8A109274B}"
EndProject
Global
	GlobalSection(SolutionConfigurationPlatforms) = preSolution
		Ad-Hoc|Any CPU = Ad-Hoc|Any CPU
		Ad-Hoc|iPhone = Ad-Hoc|iPhone
		Ad-Hoc|iPhoneSimulator = Ad-Hoc|iPhoneSimulator
		AppStore|Any CPU = AppStore|Any CPU
		AppStore|iPhone = AppStore|iPhone
		AppStore|iPhoneSimulator = AppStore|iPhoneSimulator
		Debug|Any CPU = Debug|Any CPU
		Debug|iPhone = Debug|iPhone
		Debug|iPhoneSimulator = Debug|iPhoneSimulator
		Release|Any CPU = Release|Any CPU
		Release|iPhone = Release|iPhone
		Release|iPhoneSimulator = Release|iPhoneSimulator
	EndGlobalSection
	GlobalSection(ProjectConfigurationPlatforms) = postSolution
		{161E1D21-E7EA-42F5-A2A3-348B98C23D41}.Ad-Hoc|Any CPU.ActiveCfg = Release|Any CPU
		{161E1D21-E7EA-42F5-A2A3-348B98C23D41}.Ad-Hoc|Any CPU.Build.0 = Release|Any CPU
		{161E1D21-E7EA-42F5-A2A3-348B98C23D41}.Ad-Hoc|iPhone.ActiveCfg = Release|Any CPU
		{161E1D21-E7EA-42F5-A2A3-348B98C23D41}.Ad-Hoc|iPhone.Build.0 = Release|Any CPU
		{161E1D21-E7EA-42F5-A2A3-348B98C23D41}.Ad-Hoc|iPhoneSimulator.ActiveCfg = Release|Any CPU
		{161E1D21-E7EA-42F5-A2A3-348B98C23D41}.Ad-Hoc|iPhoneSimulator.Build.0 = Release|Any CPU
		{161E1D21-E7EA-42F5-A2A3-348B98C23D41}.AppStore|Any CPU.ActiveCfg = Release|Any CPU
		{161E1D21-E7EA-42F5-A2A3-348B98C23D41}.AppStore|Any CPU.Build.0 = Release|Any CPU
		{161E1D21-E7EA-42F5-A2A3-348B98C23D41}.AppStore|iPhone.ActiveCfg = Release|Any CPU
		{161E1D21-E7EA-42F5-A2A3-348B98C23D41}.AppStore|iPhone.Build.0 = Release|Any CPU
		{161E1D21-E7EA-42F5-A2A3-348B98C23D41}.AppStore|iPhoneSimulator.ActiveCfg = Release|Any CPU
		{161E1D21-E7EA-42F5-A2A3-348B98C23D41}.AppStore|iPhoneSimulator.Build.0 = Release|Any CPU
		{161E1D21-E7EA-42F5-A2A3-348B98C23D41}.Debug|Any CPU.ActiveCfg = Debug|Any CPU
		{161E1D21-E7EA-42F5-A2A3-348B98C23D41}.Debug|Any CPU.Build.0 = Debug|Any CPU
		{161E1D21-E7EA-42F5-A2A3-348B98C23D41}.Debug|iPhone.ActiveCfg = Debug|Any CPU
		{161E1D21-E7EA-42F5-A2A3-348B98C23D41}.Debug|iPhone.Build.0 = Debug|Any CPU
		{161E1D21-E7EA-42F5-A2A3-348B98C23D41}.Debug|iPhoneSimulator.ActiveCfg = Debug|Any CPU
		{161E1D21-E7EA-42F5-A2A3-348B98C23D41}.Debug|iPhoneSimulator.Build.0 = Debug|Any CPU
		{161E1D21-E7EA-42F5-A2A3-348B98C23D41}.Release|Any CPU.ActiveCfg = Release|Any CPU
		{161E1D21-E7EA-42F5-A2A3-348B98C23D41}.Release|Any CPU.Build.0 = Release|Any CPU
		{161E1D21-E7EA-42F5-A2A3-348B98C23D41}.Release|iPhone.ActiveCfg = Release|Any CPU
		{161E1D21-E7EA-42F5-A2A3-348B98C23D41}.Release|iPhone.Build.0 = Release|Any CPU
		{161E1D21-E7EA-42F5-A2A3-348B98C23D41}.Release|iPhoneSimulator.ActiveCfg = Release|Any CPU
		{161E1D21-E7EA-42F5-A2A3-348B98C23D41}.Release|iPhoneSimulator.Build.0 = Release|Any CPU
		{6E517669-31F4-44C2-A488-32C770D54321}.Ad-Hoc|Any CPU.ActiveCfg = Release|Any CPU
		{6E517669-31F4-44C2-A488-32C770D54321}.Ad-Hoc|Any CPU.Build.0 = Release|Any CPU
		{6E517669-31F4-44C2-A488-32C770D54321}.Ad-Hoc|iPhone.ActiveCfg = Release|Any CPU
		{6E517669-31F4-44C2-A488-32C770D54321}.Ad-Hoc|iPhone.Build.0 = Release|Any CPU
		{6E517669-31F4-44C2-A488-32C770D54321}.Ad-Hoc|iPhoneSimulator.ActiveCfg = Release|Any CPU
		{6E517669-31F4-44C2-A488-32C770D54321}.Ad-Hoc|iPhoneSimulator.Build.0 = Release|Any CPU
		{6E517669-31F4-44C2-A488-32C770D54321}.AppStore|Any CPU.ActiveCfg = Release|Any CPU
		{6E517669-31F4-44C2-A488-32C770D54321}.AppStore|Any CPU.Build.0 = Release|Any CPU
		{6E517669-31F4-44C2-A488-32C770D54321}.AppStore|iPhone.ActiveCfg = Release|Any CPU
		{6E517669-31F4-44C2-A488-32C770D54321}.AppStore|iPhone.Build.0 = Release|Any CPU
		{6E517669-31F4-44C2-A488-32C770D54321}.AppStore|iPhoneSimulator.ActiveCfg = Release|Any CPU
		{6E517669-31F4-44C2-A488-32C770D54321}.AppStore|iPhoneSimulator.Build.0 = Release|Any CPU
		{6E517669-31F4-44C2-A488-32C770D54321}.Debug|Any CPU.ActiveCfg = Debug|Any CPU
		{6E517669-31F4-44C2-A488-32C770D54321}.Debug|Any CPU.Build.0 = Debug|Any CPU
		{6E517669-31F4-44C2-A488-32C770D54321}.Debug|iPhone.ActiveCfg = Debug|Any CPU
		{6E517669-31F4-44C2-A488-32C770D54321}.Debug|iPhone.Build.0 = Debug|Any CPU
		{6E517669-31F4-44C2-A488-32C770D54321}.Debug|iPhoneSimulator.ActiveCfg = Debug|Any CPU
		{6E517669-31F4-44C2-A488-32C770D54321}.Debug|iPhoneSimulator.Build.0 = Debug|Any CPU
		{6E517669-31F4-44C2-A488-32C770D54321}.Release|Any CPU.ActiveCfg = Release|Any CPU
		{6E517669-31F4-44C2-A488-32C770D54321}.Release|Any CPU.Build.0 = Release|Any CPU
		{6E517669-31F4-44C2-A488-32C770D54321}.Release|iPhone.ActiveCfg = Release|Any CPU
		{6E517669-31F4-44C2-A488-32C770D54321}.Release|iPhone.Build.0 = Release|Any CPU
		{6E517669-31F4-44C2-A488-32C770D54321}.Release|iPhoneSimulator.ActiveCfg = Release|Any CPU
		{6E517669-31F4-44C2-A488-32C770D54321}.Release|iPhoneSimulator.Build.0 = Release|Any CPU
		{FCE4A1BC-E694-4F5B-A1F7-D24E295B2525}.Ad-Hoc|Any CPU.ActiveCfg = Release|Any CPU
		{FCE4A1BC-E694-4F5B-A1F7-D24E295B2525}.Ad-Hoc|Any CPU.Build.0 = Release|Any CPU
		{FCE4A1BC-E694-4F5B-A1F7-D24E295B2525}.Ad-Hoc|Any CPU.Deploy.0 = Release|Any CPU
		{FCE4A1BC-E694-4F5B-A1F7-D24E295B2525}.Ad-Hoc|iPhone.ActiveCfg = Release|Any CPU
		{FCE4A1BC-E694-4F5B-A1F7-D24E295B2525}.Ad-Hoc|iPhone.Build.0 = Release|Any CPU
		{FCE4A1BC-E694-4F5B-A1F7-D24E295B2525}.Ad-Hoc|iPhone.Deploy.0 = Release|Any CPU
		{FCE4A1BC-E694-4F5B-A1F7-D24E295B2525}.Ad-Hoc|iPhoneSimulator.ActiveCfg = Release|Any CPU
		{FCE4A1BC-E694-4F5B-A1F7-D24E295B2525}.Ad-Hoc|iPhoneSimulator.Build.0 = Release|Any CPU
		{FCE4A1BC-E694-4F5B-A1F7-D24E295B2525}.Ad-Hoc|iPhoneSimulator.Deploy.0 = Release|Any CPU
		{FCE4A1BC-E694-4F5B-A1F7-D24E295B2525}.AppStore|Any CPU.ActiveCfg = Release|Any CPU
		{FCE4A1BC-E694-4F5B-A1F7-D24E295B2525}.AppStore|Any CPU.Build.0 = Release|Any CPU
		{FCE4A1BC-E694-4F5B-A1F7-D24E295B2525}.AppStore|Any CPU.Deploy.0 = Release|Any CPU
		{FCE4A1BC-E694-4F5B-A1F7-D24E295B2525}.AppStore|iPhone.ActiveCfg = Release|Any CPU
		{FCE4A1BC-E694-4F5B-A1F7-D24E295B2525}.AppStore|iPhone.Build.0 = Release|Any CPU
		{FCE4A1BC-E694-4F5B-A1F7-D24E295B2525}.AppStore|iPhone.Deploy.0 = Release|Any CPU
		{FCE4A1BC-E694-4F5B-A1F7-D24E295B2525}.AppStore|iPhoneSimulator.ActiveCfg = Release|Any CPU
		{FCE4A1BC-E694-4F5B-A1F7-D24E295B2525}.AppStore|iPhoneSimulator.Build.0 = Release|Any CPU
		{FCE4A1BC-E694-4F5B-A1F7-D24E295B2525}.AppStore|iPhoneSimulator.Deploy.0 = Release|Any CPU
		{FCE4A1BC-E694-4F5B-A1F7-D24E295B2525}.Debug|Any CPU.ActiveCfg = Debug|Any CPU
		{FCE4A1BC-E694-4F5B-A1F7-D24E295B2525}.Debug|Any CPU.Build.0 = Debug|Any CPU
		{FCE4A1BC-E694-4F5B-A1F7-D24E295B2525}.Debug|Any CPU.Deploy.0 = Debug|Any CPU
		{FCE4A1BC-E694-4F5B-A1F7-D24E295B2525}.Debug|iPhone.ActiveCfg = Debug|Any CPU
		{FCE4A1BC-E694-4F5B-A1F7-D24E295B2525}.Debug|iPhone.Build.0 = Debug|Any CPU
		{FCE4A1BC-E694-4F5B-A1F7-D24E295B2525}.Debug|iPhone.Deploy.0 = Debug|Any CPU
		{FCE4A1BC-E694-4F5B-A1F7-D24E295B2525}.Debug|iPhoneSimulator.ActiveCfg = Debug|Any CPU
		{FCE4A1BC-E694-4F5B-A1F7-D24E295B2525}.Debug|iPhoneSimulator.Build.0 = Debug|Any CPU
		{FCE4A1BC-E694-4F5B-A1F7-D24E295B2525}.Debug|iPhoneSimulator.Deploy.0 = Debug|Any CPU
		{FCE4A1BC-E694-4F5B-A1F7-D24E295B2525}.Release|Any CPU.ActiveCfg = Release|Any CPU
		{FCE4A1BC-E694-4F5B-A1F7-D24E295B2525}.Release|Any CPU.Build.0 = Release|Any CPU
		{FCE4A1BC-E694-4F5B-A1F7-D24E295B2525}.Release|Any CPU.Deploy.0 = Release|Any CPU
		{FCE4A1BC-E694-4F5B-A1F7-D24E295B2525}.Release|iPhone.ActiveCfg = Release|Any CPU
		{FCE4A1BC-E694-4F5B-A1F7-D24E295B2525}.Release|iPhone.Build.0 = Release|Any CPU
		{FCE4A1BC-E694-4F5B-A1F7-D24E295B2525}.Release|iPhone.Deploy.0 = Release|Any CPU
		{FCE4A1BC-E694-4F5B-A1F7-D24E295B2525}.Release|iPhoneSimulator.ActiveCfg = Release|Any CPU
		{FCE4A1BC-E694-4F5B-A1F7-D24E295B2525}.Release|iPhoneSimulator.Build.0 = Release|Any CPU
		{FCE4A1BC-E694-4F5B-A1F7-D24E295B2525}.Release|iPhoneSimulator.Deploy.0 = Release|Any CPU
		{16159A0C-E086-44CD-A0A7-282B5A307F13}.Ad-Hoc|Any CPU.ActiveCfg = Release|Any CPU
		{16159A0C-E086-44CD-A0A7-282B5A307F13}.Ad-Hoc|Any CPU.Build.0 = Release|Any CPU
		{16159A0C-E086-44CD-A0A7-282B5A307F13}.Ad-Hoc|iPhone.ActiveCfg = Release|Any CPU
		{16159A0C-E086-44CD-A0A7-282B5A307F13}.Ad-Hoc|iPhone.Build.0 = Release|Any CPU
		{16159A0C-E086-44CD-A0A7-282B5A307F13}.Ad-Hoc|iPhoneSimulator.ActiveCfg = Release|Any CPU
		{16159A0C-E086-44CD-A0A7-282B5A307F13}.Ad-Hoc|iPhoneSimulator.Build.0 = Release|Any CPU
		{16159A0C-E086-44CD-A0A7-282B5A307F13}.AppStore|Any CPU.ActiveCfg = Release|Any CPU
		{16159A0C-E086-44CD-A0A7-282B5A307F13}.AppStore|Any CPU.Build.0 = Release|Any CPU
		{16159A0C-E086-44CD-A0A7-282B5A307F13}.AppStore|iPhone.ActiveCfg = Release|Any CPU
		{16159A0C-E086-44CD-A0A7-282B5A307F13}.AppStore|iPhone.Build.0 = Release|Any CPU
		{16159A0C-E086-44CD-A0A7-282B5A307F13}.AppStore|iPhoneSimulator.ActiveCfg = Release|Any CPU
		{16159A0C-E086-44CD-A0A7-282B5A307F13}.AppStore|iPhoneSimulator.Build.0 = Release|Any CPU
		{16159A0C-E086-44CD-A0A7-282B5A307F13}.Debug|Any CPU.ActiveCfg = Debug|Any CPU
		{16159A0C-E086-44CD-A0A7-282B5A307F13}.Debug|Any CPU.Build.0 = Debug|Any CPU
		{16159A0C-E086-44CD-A0A7-282B5A307F13}.Debug|iPhone.ActiveCfg = Debug|Any CPU
		{16159A0C-E086-44CD-A0A7-282B5A307F13}.Debug|iPhone.Build.0 = Debug|Any CPU
		{16159A0C-E086-44CD-A0A7-282B5A307F13}.Debug|iPhoneSimulator.ActiveCfg = Debug|Any CPU
		{16159A0C-E086-44CD-A0A7-282B5A307F13}.Debug|iPhoneSimulator.Build.0 = Debug|Any CPU
		{16159A0C-E086-44CD-A0A7-282B5A307F13}.Release|Any CPU.ActiveCfg = Release|Any CPU
		{16159A0C-E086-44CD-A0A7-282B5A307F13}.Release|Any CPU.Build.0 = Release|Any CPU
		{16159A0C-E086-44CD-A0A7-282B5A307F13}.Release|iPhone.ActiveCfg = Release|Any CPU
		{16159A0C-E086-44CD-A0A7-282B5A307F13}.Release|iPhone.Build.0 = Release|Any CPU
		{16159A0C-E086-44CD-A0A7-282B5A307F13}.Release|iPhoneSimulator.ActiveCfg = Release|Any CPU
		{16159A0C-E086-44CD-A0A7-282B5A307F13}.Release|iPhoneSimulator.Build.0 = Release|Any CPU
		{6C112BC7-D69A-4B4E-AB4F-60F8A109274B}.Ad-Hoc|Any CPU.ActiveCfg = Ad-Hoc|iPhoneSimulator
		{6C112BC7-D69A-4B4E-AB4F-60F8A109274B}.Ad-Hoc|iPhone.ActiveCfg = Ad-Hoc|iPhone
		{6C112BC7-D69A-4B4E-AB4F-60F8A109274B}.Ad-Hoc|iPhone.Build.0 = Ad-Hoc|iPhone
		{6C112BC7-D69A-4B4E-AB4F-60F8A109274B}.Ad-Hoc|iPhoneSimulator.ActiveCfg = Ad-Hoc|iPhoneSimulator
		{6C112BC7-D69A-4B4E-AB4F-60F8A109274B}.Ad-Hoc|iPhoneSimulator.Build.0 = Ad-Hoc|iPhoneSimulator
		{6C112BC7-D69A-4B4E-AB4F-60F8A109274B}.AppStore|Any CPU.ActiveCfg = AppStore|iPhoneSimulator
		{6C112BC7-D69A-4B4E-AB4F-60F8A109274B}.AppStore|iPhone.ActiveCfg = AppStore|iPhone
		{6C112BC7-D69A-4B4E-AB4F-60F8A109274B}.AppStore|iPhone.Build.0 = AppStore|iPhone
		{6C112BC7-D69A-4B4E-AB4F-60F8A109274B}.AppStore|iPhoneSimulator.ActiveCfg = AppStore|iPhoneSimulator
		{6C112BC7-D69A-4B4E-AB4F-60F8A109274B}.AppStore|iPhoneSimulator.Build.0 = AppStore|iPhoneSimulator
		{6C112BC7-D69A-4B4E-AB4F-60F8A109274B}.Debug|Any CPU.ActiveCfg = Debug|iPhoneSimulator
		{6C112BC7-D69A-4B4E-AB4F-60F8A109274B}.Debug|iPhone.ActiveCfg = Debug|iPhone
		{6C112BC7-D69A-4B4E-AB4F-60F8A109274B}.Debug|iPhone.Build.0 = Debug|iPhone
		{6C112BC7-D69A-4B4E-AB4F-60F8A109274B}.Debug|iPhoneSimulator.ActiveCfg = Debug|iPhoneSimulator
		{6C112BC7-D69A-4B4E-AB4F-60F8A109274B}.Debug|iPhoneSimulator.Build.0 = Debug|iPhoneSimulator
		{6C112BC7-D69A-4B4E-AB4F-60F8A109274B}.Release|Any CPU.ActiveCfg = Release|iPhoneSimulator
		{6C112BC7-D69A-4B4E-AB4F-60F8A109274B}.Release|iPhone.ActiveCfg = Release|iPhone
		{6C112BC7-D69A-4B4E-AB4F-60F8A109274B}.Release|iPhone.Build.0 = Release|iPhone
		{6C112BC7-D69A-4B4E-AB4F-60F8A109274B}.Release|iPhoneSimulator.ActiveCfg = Release|iPhoneSimulator
		{6C112BC7-D69A-4B4E-AB4F-60F8A109274B}.Release|iPhoneSimulator.Build.0 = Release|iPhoneSimulator
	EndGlobalSection
	GlobalSection(SolutionProperties) = preSolution
		HideSolutionNode = FALSE
	EndGlobalSection
	GlobalSection(ExtensibilityGlobals) = postSolution
		SolutionGuid = {5EF6892D-4228-42D3-A644-E85D4B061929}
	EndGlobalSection
EndGlobal
